
Microsoft Visual Studio Solution File, Format Version 12.00
# Visual Studio 15
VisualStudioVersion = 15.0.28010.2041
MinimumVisualStudioVersion = 10.0.40219.1
Project("{9A19103F-16F7-4668-BE54-9A1E7A4F7556}") = "PowerGenerationPredictionLibrary", "PowerGenerationPredictionLibrary\PowerGenerationPredictionLibrary.csproj", "{1140C7B4-EA04-4FF7-B42E-73694BB4C4A7}"
EndProject
Project("{9A19103F-16F7-4668-BE54-9A1E7A4F7556}") = "XTestPowerGenerationPredictionLibrary", "XTestPowerGenerationPredictionLibrary\XTestPowerGenerationPredictionLibrary.csproj", "{921CE042-8D53-4B15-889A-97ABEFB36D0C}"
	ProjectSection(ProjectDependencies) = postProject
		{1140C7B4-EA04-4FF7-B42E-73694BB4C4A7} = {1140C7B4-EA04-4FF7-B42E-73694BB4C4A7}
	EndProjectSection
EndProject
Global
	GlobalSection(SolutionConfigurationPlatforms) = preSolution
		Debug|Any CPU = Debug|Any CPU
		Release|Any CPU = Release|Any CPU
	EndGlobalSection
	GlobalSection(ProjectConfigurationPlatforms) = postSolution
		{1140C7B4-EA04-4FF7-B42E-73694BB4C4A7}.Debug|Any CPU.ActiveCfg = Debug|Any CPU
		{1140C7B4-EA04-4FF7-B42E-73694BB4C4A7}.Debug|Any CPU.Build.0 = Debug|Any CPU
		{1140C7B4-EA04-4FF7-B42E-73694BB4C4A7}.Release|Any CPU.ActiveCfg = Release|Any CPU
		{1140C7B4-EA04-4FF7-B42E-73694BB4C4A7}.Release|Any CPU.Build.0 = Release|Any CPU
		{921CE042-8D53-4B15-889A-97ABEFB36D0C}.Debug|Any CPU.ActiveCfg = Debug|Any CPU
		{921CE042-8D53-4B15-889A-97ABEFB36D0C}.Debug|Any CPU.Build.0 = Debug|Any CPU
		{921CE042-8D53-4B15-889A-97ABEFB36D0C}.Release|Any CPU.ActiveCfg = Release|Any CPU
		{921CE042-8D53-4B15-889A-97ABEFB36D0C}.Release|Any CPU.Build.0 = Release|Any CPU
	EndGlobalSection
	GlobalSection(SolutionProperties) = preSolution
		HideSolutionNode = FALSE
	EndGlobalSection
	GlobalSection(ExtensibilityGlobals) = postSolution
		SolutionGuid = {0EE6D9F4-27FA-4948-89B1-A77C06E2E3C4}
	EndGlobalSection
EndGlobal
